
Microsoft Visual Studio Solution File, Format Version 12.00
# Visual Studio 15
VisualStudioVersion = 15.0.26730.16
MinimumVisualStudioVersion = 10.0.40219.1
Project("{2150E333-8FDC-42A3-9474-1A3956D46DE8}") = "src", "src", "{F84321D6-5C74-4960-AC46-AED4DB263C94}"
EndProject
Project("{2150E333-8FDC-42A3-9474-1A3956D46DE8}") = "Solution Items", "Solution Items", "{4686F642-AE8F-410E-AE28-90C52CE0360D}"
	ProjectSection(SolutionItems) = preProject
		.editorconfig = .editorconfig
		.gitignore = .gitignore
		README.md = README.md
	EndProjectSection
EndProject
Project("{9A19103F-16F7-4668-BE54-9A1E7A4F7556}") = "Sannel.House", "src\Sannel.House\Sannel.House.csproj", "{645A807F-3373-41CB-A9CC-C9B08F03DA2C}"
EndProject
Project("{9A19103F-16F7-4668-BE54-9A1E7A4F7556}") = "Sannel.House.Tests", "src\Sannel.House.Tests\Sannel.House.Tests.csproj", "{DA6E194C-20B8-4971-BC1A-F3503F42F3F2}"
EndProject
Project("{9A19103F-16F7-4668-BE54-9A1E7A4F7556}") = "Sannel.House.ToCPP", "src\Sannel.House.ToCPP\Sannel.House.ToCPP.csproj", "{BA2ED84D-A4D6-45D8-B2C7-760DDA4C79EF}"
EndProject
Project("{8BC9CEB8-8B4A-11D0-8D11-00A0C91BC942}") = "Sannel", "src\Sannel\Sannel.vcxitems", "{4C4B7312-3B0C-4973-B431-E3C4A08CE0AB}"
EndProject
Project("{8BC9CEB8-8B4A-11D0-8D11-00A0C91BC942}") = "Sannel.Tests", "src\Sannel.Tests\Sannel.Tests.vcxproj", "{17CC2479-667E-47B4-9E2A-B3148A90D4D7}"
EndProject
Global
	GlobalSection(SolutionConfigurationPlatforms) = preSolution
		Debug|Any CPU = Debug|Any CPU
		Debug|ARM = Debug|ARM
		Debug|x64 = Debug|x64
		Debug|x86 = Debug|x86
		Release|Any CPU = Release|Any CPU
		Release|ARM = Release|ARM
		Release|x64 = Release|x64
		Release|x86 = Release|x86
	EndGlobalSection
	GlobalSection(ProjectConfigurationPlatforms) = postSolution
		{645A807F-3373-41CB-A9CC-C9B08F03DA2C}.Debug|Any CPU.ActiveCfg = Debug|Any CPU
		{645A807F-3373-41CB-A9CC-C9B08F03DA2C}.Debug|Any CPU.Build.0 = Debug|Any CPU
		{645A807F-3373-41CB-A9CC-C9B08F03DA2C}.Debug|ARM.ActiveCfg = Debug|Any CPU
		{645A807F-3373-41CB-A9CC-C9B08F03DA2C}.Debug|ARM.Build.0 = Debug|Any CPU
		{645A807F-3373-41CB-A9CC-C9B08F03DA2C}.Debug|x64.ActiveCfg = Debug|Any CPU
		{645A807F-3373-41CB-A9CC-C9B08F03DA2C}.Debug|x64.Build.0 = Debug|Any CPU
		{645A807F-3373-41CB-A9CC-C9B08F03DA2C}.Debug|x86.ActiveCfg = Debug|Any CPU
		{645A807F-3373-41CB-A9CC-C9B08F03DA2C}.Debug|x86.Build.0 = Debug|Any CPU
		{645A807F-3373-41CB-A9CC-C9B08F03DA2C}.Release|Any CPU.ActiveCfg = Release|Any CPU
		{645A807F-3373-41CB-A9CC-C9B08F03DA2C}.Release|Any CPU.Build.0 = Release|Any CPU
		{645A807F-3373-41CB-A9CC-C9B08F03DA2C}.Release|ARM.ActiveCfg = Release|Any CPU
		{645A807F-3373-41CB-A9CC-C9B08F03DA2C}.Release|ARM.Build.0 = Release|Any CPU
		{645A807F-3373-41CB-A9CC-C9B08F03DA2C}.Release|x64.ActiveCfg = Release|Any CPU
		{645A807F-3373-41CB-A9CC-C9B08F03DA2C}.Release|x64.Build.0 = Release|Any CPU
		{645A807F-3373-41CB-A9CC-C9B08F03DA2C}.Release|x86.ActiveCfg = Release|Any CPU
		{645A807F-3373-41CB-A9CC-C9B08F03DA2C}.Release|x86.Build.0 = Release|Any CPU
		{DA6E194C-20B8-4971-BC1A-F3503F42F3F2}.Debug|Any CPU.ActiveCfg = Debug|Any CPU
		{DA6E194C-20B8-4971-BC1A-F3503F42F3F2}.Debug|Any CPU.Build.0 = Debug|Any CPU
		{DA6E194C-20B8-4971-BC1A-F3503F42F3F2}.Debug|ARM.ActiveCfg = Debug|Any CPU
		{DA6E194C-20B8-4971-BC1A-F3503F42F3F2}.Debug|ARM.Build.0 = Debug|Any CPU
		{DA6E194C-20B8-4971-BC1A-F3503F42F3F2}.Debug|x64.ActiveCfg = Debug|Any CPU
		{DA6E194C-20B8-4971-BC1A-F3503F42F3F2}.Debug|x64.Build.0 = Debug|Any CPU
		{DA6E194C-20B8-4971-BC1A-F3503F42F3F2}.Debug|x86.ActiveCfg = Debug|Any CPU
		{DA6E194C-20B8-4971-BC1A-F3503F42F3F2}.Debug|x86.Build.0 = Debug|Any CPU
		{DA6E194C-20B8-4971-BC1A-F3503F42F3F2}.Release|Any CPU.ActiveCfg = Release|Any CPU
		{DA6E194C-20B8-4971-BC1A-F3503F42F3F2}.Release|Any CPU.Build.0 = Release|Any CPU
		{DA6E194C-20B8-4971-BC1A-F3503F42F3F2}.Release|ARM.ActiveCfg = Release|Any CPU
		{DA6E194C-20B8-4971-BC1A-F3503F42F3F2}.Release|ARM.Build.0 = Release|Any CPU
		{DA6E194C-20B8-4971-BC1A-F3503F42F3F2}.Release|x64.ActiveCfg = Release|Any CPU
		{DA6E194C-20B8-4971-BC1A-F3503F42F3F2}.Release|x64.Build.0 = Release|Any CPU
		{DA6E194C-20B8-4971-BC1A-F3503F42F3F2}.Release|x86.ActiveCfg = Release|Any CPU
		{DA6E194C-20B8-4971-BC1A-F3503F42F3F2}.Release|x86.Build.0 = Release|Any CPU
		{BA2ED84D-A4D6-45D8-B2C7-760DDA4C79EF}.Debug|Any CPU.ActiveCfg = Debug|Any CPU
		{BA2ED84D-A4D6-45D8-B2C7-760DDA4C79EF}.Debug|Any CPU.Build.0 = Debug|Any CPU
		{BA2ED84D-A4D6-45D8-B2C7-760DDA4C79EF}.Debug|ARM.ActiveCfg = Debug|Any CPU
		{BA2ED84D-A4D6-45D8-B2C7-760DDA4C79EF}.Debug|ARM.Build.0 = Debug|Any CPU
		{BA2ED84D-A4D6-45D8-B2C7-760DDA4C79EF}.Debug|x64.ActiveCfg = Debug|Any CPU
		{BA2ED84D-A4D6-45D8-B2C7-760DDA4C79EF}.Debug|x64.Build.0 = Debug|Any CPU
		{BA2ED84D-A4D6-45D8-B2C7-760DDA4C79EF}.Debug|x86.ActiveCfg = Debug|Any CPU
		{BA2ED84D-A4D6-45D8-B2C7-760DDA4C79EF}.Debug|x86.Build.0 = Debug|Any CPU
		{BA2ED84D-A4D6-45D8-B2C7-760DDA4C79EF}.Release|Any CPU.ActiveCfg = Release|Any CPU
		{BA2ED84D-A4D6-45D8-B2C7-760DDA4C79EF}.Release|Any CPU.Build.0 = Release|Any CPU
		{BA2ED84D-A4D6-45D8-B2C7-760DDA4C79EF}.Release|ARM.ActiveCfg = Release|Any CPU
		{BA2ED84D-A4D6-45D8-B2C7-760DDA4C79EF}.Release|ARM.Build.0 = Release|Any CPU
		{BA2ED84D-A4D6-45D8-B2C7-760DDA4C79EF}.Release|x64.ActiveCfg = Release|Any CPU
		{BA2ED84D-A4D6-45D8-B2C7-760DDA4C79EF}.Release|x64.Build.0 = Release|Any CPU
		{BA2ED84D-A4D6-45D8-B2C7-760DDA4C79EF}.Release|x86.ActiveCfg = Release|Any CPU
		{BA2ED84D-A4D6-45D8-B2C7-760DDA4C79EF}.Release|x86.Build.0 = Release|Any CPU
		{17CC2479-667E-47B4-9E2A-B3148A90D4D7}.Debug|Any CPU.ActiveCfg = Debug|Win32
		{17CC2479-667E-47B4-9E2A-B3148A90D4D7}.Debug|ARM.ActiveCfg = Debug|Win32
		{17CC2479-667E-47B4-9E2A-B3148A90D4D7}.Debug|x64.ActiveCfg = Debug|x64
		{17CC2479-667E-47B4-9E2A-B3148A90D4D7}.Debug|x64.Build.0 = Debug|x64
		{17CC2479-667E-47B4-9E2A-B3148A90D4D7}.Debug|x86.ActiveCfg = Debug|Win32
		{17CC2479-667E-47B4-9E2A-B3148A90D4D7}.Debug|x86.Build.0 = Debug|Win32
		{17CC2479-667E-47B4-9E2A-B3148A90D4D7}.Release|Any CPU.ActiveCfg = Release|Win32
		{17CC2479-667E-47B4-9E2A-B3148A90D4D7}.Release|ARM.ActiveCfg = Release|Win32
		{17CC2479-667E-47B4-9E2A-B3148A90D4D7}.Release|x64.ActiveCfg = Release|x64
		{17CC2479-667E-47B4-9E2A-B3148A90D4D7}.Release|x64.Build.0 = Release|x64
		{17CC2479-667E-47B4-9E2A-B3148A90D4D7}.Release|x86.ActiveCfg = Release|Win32
		{17CC2479-667E-47B4-9E2A-B3148A90D4D7}.Release|x86.Build.0 = Release|Win32
	EndGlobalSection
	GlobalSection(SolutionProperties) = preSolution
		HideSolutionNode = FALSE
	EndGlobalSection
	GlobalSection(NestedProjects) = preSolution
		{645A807F-3373-41CB-A9CC-C9B08F03DA2C} = {F84321D6-5C74-4960-AC46-AED4DB263C94}
		{DA6E194C-20B8-4971-BC1A-F3503F42F3F2} = {F84321D6-5C74-4960-AC46-AED4DB263C94}
		{BA2ED84D-A4D6-45D8-B2C7-760DDA4C79EF} = {F84321D6-5C74-4960-AC46-AED4DB263C94}
		{4C4B7312-3B0C-4973-B431-E3C4A08CE0AB} = {F84321D6-5C74-4960-AC46-AED4DB263C94}
		{17CC2479-667E-47B4-9E2A-B3148A90D4D7} = {F84321D6-5C74-4960-AC46-AED4DB263C94}
	EndGlobalSection
	GlobalSection(ExtensibilityGlobals) = postSolution
		SolutionGuid = {39A1912D-C82B-4B54-A2C2-CB22583396DD}
	EndGlobalSection
EndGlobal
