
Microsoft Visual Studio Solution File, Format Version 12.00
# Visual Studio Version 16
VisualStudioVersion = 16.0.28803.452
MinimumVisualStudioVersion = 10.0.40219.1
Project("{2150E333-8FDC-42A3-9474-1A3956D46DE8}") = "src", "src", "{F84321D6-5C74-4960-AC46-AED4DB263C94}"
EndProject
Project("{2150E333-8FDC-42A3-9474-1A3956D46DE8}") = "Solution Items", "Solution Items", "{4686F642-AE8F-410E-AE28-90C52CE0360D}"
	ProjectSection(SolutionItems) = preProject
		.editorconfig = .editorconfig
		.gitignore = .gitignore
		azure-pipelines.yml = azure-pipelines.yml
		Directory.Build.props = Directory.Build.props
		.nuget\nuget.config = .nuget\nuget.config
		README.md = README.md
	EndProjectSection
EndProject
Project("{2150E333-8FDC-42A3-9474-1A3956D46DE8}") = "Client", "Client", "{5DC9B40A-81D5-4E04-A422-135E6D11EE13}"
EndProject
Project("{2150E333-8FDC-42A3-9474-1A3956D46DE8}") = "Web", "Web", "{7A059B79-0EA0-47CE-A800-A088C149481A}"
EndProject
Project("{2150E333-8FDC-42A3-9474-1A3956D46DE8}") = "Data", "Data", "{09DD5FDA-A6C6-4421-B7BB-39BA5E86059D}"
EndProject
Project("{2150E333-8FDC-42A3-9474-1A3956D46DE8}") = "Sensor", "Sensor", "{E6E6D86A-4F25-40CE-95E3-4E46497AFF3E}"
EndProject
Project("{2150E333-8FDC-42A3-9474-1A3956D46DE8}") = "Models", "Models", "{59BACD57-FC25-49CA-A0BB-BD5CF608F529}"
EndProject
Project("{9A19103F-16F7-4668-BE54-9A1E7A4F7556}") = "Sannel.House.Models", "src\Models\Sannel.House.Models\Sannel.House.Models.csproj", "{E1EC99B1-E7C3-477E-9CEA-1E96BF85A197}"
EndProject
Project("{2150E333-8FDC-42A3-9474-1A3956D46DE8}") = "Tests", "Tests", "{503DE1A0-73C1-4279-B6B6-EFB4289F03E5}"
EndProject
Project("{2150E333-8FDC-42A3-9474-1A3956D46DE8}") = "Utilities", "Utilities", "{7D872D92-F318-472C-B262-860997819DBE}"
EndProject
Project("{9A19103F-16F7-4668-BE54-9A1E7A4F7556}") = "Sannel.House.Models.Tests", "src\Models\Sannel.House.Models.Tests\Sannel.House.Models.Tests.csproj", "{6A459B6D-83FE-4487-A722-7B2C8A174C2B}"
EndProject
Project("{9A19103F-16F7-4668-BE54-9A1E7A4F7556}") = "Sannel.House.Data", "src\Data\Sannel.House.Data\Sannel.House.Data.csproj", "{BB44AAFD-3BD9-41BB-827B-13313E8B0935}"
EndProject
Project("{9A19103F-16F7-4668-BE54-9A1E7A4F7556}") = "Sannel.House.Sensor", "src\Sensor\Sannel.House.Sensor\Sannel.House.Sensor.csproj", "{191C5AF1-3AEC-496B-815C-7838E627D6E5}"
EndProject
Project("{9A19103F-16F7-4668-BE54-9A1E7A4F7556}") = "Sannel.House.Test", "src\Tests\Sannel.House.Test\Sannel.House.Test.csproj", "{84B5A256-B326-4610-BA80-820B07411B12}"
EndProject
Project("{9A19103F-16F7-4668-BE54-9A1E7A4F7556}") = "Sannel.House.Utilities.Certs", "src\Utilities\Sannel.House.Utilities.Certs\Sannel.House.Utilities.Certs.csproj", "{28928D64-CEF4-4DFF-9FDA-EF38CA62F574}"
EndProject
Project("{9A19103F-16F7-4668-BE54-9A1E7A4F7556}") = "Sannel.House.Web", "src\Web\Sannel.House.Web\Sannel.House.Web.csproj", "{C448427B-DF0D-4F76-AF14-6F9E3A361441}"
EndProject
Project("{9A19103F-16F7-4668-BE54-9A1E7A4F7556}") = "Sannel.House.Web.Tests", "src\Web\Sannel.House.Web.Tests\Sannel.House.Web.Tests.csproj", "{34F58B67-8167-48F1-A8C5-B2EA9C3F16BA}"
EndProject
Project("{9A19103F-16F7-4668-BE54-9A1E7A4F7556}") = "Sannel.House.Client", "src\Client\Sannel.House.Client\Sannel.House.Client.csproj", "{51EA8DB0-A69C-431E-9318-84DA434FE9A5}"
EndProject
Project("{9A19103F-16F7-4668-BE54-9A1E7A4F7556}") = "Sannel.House.Client.Tests", "src\Client\Sannel.House.Client.Tests\Sannel.House.Client.Tests.csproj", "{102AE3DD-7A8C-4842-9469-F2F906FA18C7}"
EndProject
Global
	GlobalSection(SolutionConfigurationPlatforms) = preSolution
		Debug|Any CPU = Debug|Any CPU
		Debug|ARM = Debug|ARM
		Debug|ARM64 = Debug|ARM64
		Debug|x64 = Debug|x64
		Debug|x86 = Debug|x86
		Release|Any CPU = Release|Any CPU
		Release|ARM = Release|ARM
		Release|ARM64 = Release|ARM64
		Release|x64 = Release|x64
		Release|x86 = Release|x86
	EndGlobalSection
	GlobalSection(ProjectConfigurationPlatforms) = postSolution
		{E1EC99B1-E7C3-477E-9CEA-1E96BF85A197}.Debug|Any CPU.ActiveCfg = Debug|Any CPU
		{E1EC99B1-E7C3-477E-9CEA-1E96BF85A197}.Debug|Any CPU.Build.0 = Debug|Any CPU
		{E1EC99B1-E7C3-477E-9CEA-1E96BF85A197}.Debug|ARM.ActiveCfg = Debug|Any CPU
		{E1EC99B1-E7C3-477E-9CEA-1E96BF85A197}.Debug|ARM.Build.0 = Debug|Any CPU
		{E1EC99B1-E7C3-477E-9CEA-1E96BF85A197}.Debug|ARM64.ActiveCfg = Debug|Any CPU
		{E1EC99B1-E7C3-477E-9CEA-1E96BF85A197}.Debug|ARM64.Build.0 = Debug|Any CPU
		{E1EC99B1-E7C3-477E-9CEA-1E96BF85A197}.Debug|x64.ActiveCfg = Debug|Any CPU
		{E1EC99B1-E7C3-477E-9CEA-1E96BF85A197}.Debug|x64.Build.0 = Debug|Any CPU
		{E1EC99B1-E7C3-477E-9CEA-1E96BF85A197}.Debug|x86.ActiveCfg = Debug|Any CPU
		{E1EC99B1-E7C3-477E-9CEA-1E96BF85A197}.Debug|x86.Build.0 = Debug|Any CPU
		{E1EC99B1-E7C3-477E-9CEA-1E96BF85A197}.Release|Any CPU.ActiveCfg = Release|Any CPU
		{E1EC99B1-E7C3-477E-9CEA-1E96BF85A197}.Release|Any CPU.Build.0 = Release|Any CPU
		{E1EC99B1-E7C3-477E-9CEA-1E96BF85A197}.Release|ARM.ActiveCfg = Release|Any CPU
		{E1EC99B1-E7C3-477E-9CEA-1E96BF85A197}.Release|ARM.Build.0 = Release|Any CPU
		{E1EC99B1-E7C3-477E-9CEA-1E96BF85A197}.Release|ARM64.ActiveCfg = Release|Any CPU
		{E1EC99B1-E7C3-477E-9CEA-1E96BF85A197}.Release|ARM64.Build.0 = Release|Any CPU
		{E1EC99B1-E7C3-477E-9CEA-1E96BF85A197}.Release|x64.ActiveCfg = Release|Any CPU
		{E1EC99B1-E7C3-477E-9CEA-1E96BF85A197}.Release|x64.Build.0 = Release|Any CPU
		{E1EC99B1-E7C3-477E-9CEA-1E96BF85A197}.Release|x86.ActiveCfg = Release|Any CPU
		{E1EC99B1-E7C3-477E-9CEA-1E96BF85A197}.Release|x86.Build.0 = Release|Any CPU
		{6A459B6D-83FE-4487-A722-7B2C8A174C2B}.Debug|Any CPU.ActiveCfg = Debug|Any CPU
		{6A459B6D-83FE-4487-A722-7B2C8A174C2B}.Debug|Any CPU.Build.0 = Debug|Any CPU
		{6A459B6D-83FE-4487-A722-7B2C8A174C2B}.Debug|ARM.ActiveCfg = Debug|Any CPU
		{6A459B6D-83FE-4487-A722-7B2C8A174C2B}.Debug|ARM.Build.0 = Debug|Any CPU
		{6A459B6D-83FE-4487-A722-7B2C8A174C2B}.Debug|ARM64.ActiveCfg = Debug|Any CPU
		{6A459B6D-83FE-4487-A722-7B2C8A174C2B}.Debug|ARM64.Build.0 = Debug|Any CPU
		{6A459B6D-83FE-4487-A722-7B2C8A174C2B}.Debug|x64.ActiveCfg = Debug|Any CPU
		{6A459B6D-83FE-4487-A722-7B2C8A174C2B}.Debug|x64.Build.0 = Debug|Any CPU
		{6A459B6D-83FE-4487-A722-7B2C8A174C2B}.Debug|x86.ActiveCfg = Debug|Any CPU
		{6A459B6D-83FE-4487-A722-7B2C8A174C2B}.Debug|x86.Build.0 = Debug|Any CPU
		{6A459B6D-83FE-4487-A722-7B2C8A174C2B}.Release|Any CPU.ActiveCfg = Release|Any CPU
		{6A459B6D-83FE-4487-A722-7B2C8A174C2B}.Release|Any CPU.Build.0 = Release|Any CPU
		{6A459B6D-83FE-4487-A722-7B2C8A174C2B}.Release|ARM.ActiveCfg = Release|Any CPU
		{6A459B6D-83FE-4487-A722-7B2C8A174C2B}.Release|ARM.Build.0 = Release|Any CPU
		{6A459B6D-83FE-4487-A722-7B2C8A174C2B}.Release|ARM64.ActiveCfg = Release|Any CPU
		{6A459B6D-83FE-4487-A722-7B2C8A174C2B}.Release|ARM64.Build.0 = Release|Any CPU
		{6A459B6D-83FE-4487-A722-7B2C8A174C2B}.Release|x64.ActiveCfg = Release|Any CPU
		{6A459B6D-83FE-4487-A722-7B2C8A174C2B}.Release|x64.Build.0 = Release|Any CPU
		{6A459B6D-83FE-4487-A722-7B2C8A174C2B}.Release|x86.ActiveCfg = Release|Any CPU
		{6A459B6D-83FE-4487-A722-7B2C8A174C2B}.Release|x86.Build.0 = Release|Any CPU
		{BB44AAFD-3BD9-41BB-827B-13313E8B0935}.Debug|Any CPU.ActiveCfg = Debug|Any CPU
		{BB44AAFD-3BD9-41BB-827B-13313E8B0935}.Debug|Any CPU.Build.0 = Debug|Any CPU
		{BB44AAFD-3BD9-41BB-827B-13313E8B0935}.Debug|ARM.ActiveCfg = Debug|Any CPU
		{BB44AAFD-3BD9-41BB-827B-13313E8B0935}.Debug|ARM.Build.0 = Debug|Any CPU
		{BB44AAFD-3BD9-41BB-827B-13313E8B0935}.Debug|ARM64.ActiveCfg = Debug|Any CPU
		{BB44AAFD-3BD9-41BB-827B-13313E8B0935}.Debug|ARM64.Build.0 = Debug|Any CPU
		{BB44AAFD-3BD9-41BB-827B-13313E8B0935}.Debug|x64.ActiveCfg = Debug|Any CPU
		{BB44AAFD-3BD9-41BB-827B-13313E8B0935}.Debug|x64.Build.0 = Debug|Any CPU
		{BB44AAFD-3BD9-41BB-827B-13313E8B0935}.Debug|x86.ActiveCfg = Debug|Any CPU
		{BB44AAFD-3BD9-41BB-827B-13313E8B0935}.Debug|x86.Build.0 = Debug|Any CPU
		{BB44AAFD-3BD9-41BB-827B-13313E8B0935}.Release|Any CPU.ActiveCfg = Release|Any CPU
		{BB44AAFD-3BD9-41BB-827B-13313E8B0935}.Release|Any CPU.Build.0 = Release|Any CPU
		{BB44AAFD-3BD9-41BB-827B-13313E8B0935}.Release|ARM.ActiveCfg = Release|Any CPU
		{BB44AAFD-3BD9-41BB-827B-13313E8B0935}.Release|ARM.Build.0 = Release|Any CPU
		{BB44AAFD-3BD9-41BB-827B-13313E8B0935}.Release|ARM64.ActiveCfg = Release|Any CPU
		{BB44AAFD-3BD9-41BB-827B-13313E8B0935}.Release|ARM64.Build.0 = Release|Any CPU
		{BB44AAFD-3BD9-41BB-827B-13313E8B0935}.Release|x64.ActiveCfg = Release|Any CPU
		{BB44AAFD-3BD9-41BB-827B-13313E8B0935}.Release|x64.Build.0 = Release|Any CPU
		{BB44AAFD-3BD9-41BB-827B-13313E8B0935}.Release|x86.ActiveCfg = Release|Any CPU
		{BB44AAFD-3BD9-41BB-827B-13313E8B0935}.Release|x86.Build.0 = Release|Any CPU
		{191C5AF1-3AEC-496B-815C-7838E627D6E5}.Debug|Any CPU.ActiveCfg = Debug|Any CPU
		{191C5AF1-3AEC-496B-815C-7838E627D6E5}.Debug|Any CPU.Build.0 = Debug|Any CPU
		{191C5AF1-3AEC-496B-815C-7838E627D6E5}.Debug|ARM.ActiveCfg = Debug|Any CPU
		{191C5AF1-3AEC-496B-815C-7838E627D6E5}.Debug|ARM.Build.0 = Debug|Any CPU
		{191C5AF1-3AEC-496B-815C-7838E627D6E5}.Debug|ARM64.ActiveCfg = Debug|Any CPU
		{191C5AF1-3AEC-496B-815C-7838E627D6E5}.Debug|ARM64.Build.0 = Debug|Any CPU
		{191C5AF1-3AEC-496B-815C-7838E627D6E5}.Debug|x64.ActiveCfg = Debug|Any CPU
		{191C5AF1-3AEC-496B-815C-7838E627D6E5}.Debug|x64.Build.0 = Debug|Any CPU
		{191C5AF1-3AEC-496B-815C-7838E627D6E5}.Debug|x86.ActiveCfg = Debug|Any CPU
		{191C5AF1-3AEC-496B-815C-7838E627D6E5}.Debug|x86.Build.0 = Debug|Any CPU
		{191C5AF1-3AEC-496B-815C-7838E627D6E5}.Release|Any CPU.ActiveCfg = Release|Any CPU
		{191C5AF1-3AEC-496B-815C-7838E627D6E5}.Release|Any CPU.Build.0 = Release|Any CPU
		{191C5AF1-3AEC-496B-815C-7838E627D6E5}.Release|ARM.ActiveCfg = Release|Any CPU
		{191C5AF1-3AEC-496B-815C-7838E627D6E5}.Release|ARM.Build.0 = Release|Any CPU
		{191C5AF1-3AEC-496B-815C-7838E627D6E5}.Release|ARM64.ActiveCfg = Release|Any CPU
		{191C5AF1-3AEC-496B-815C-7838E627D6E5}.Release|ARM64.Build.0 = Release|Any CPU
		{191C5AF1-3AEC-496B-815C-7838E627D6E5}.Release|x64.ActiveCfg = Release|Any CPU
		{191C5AF1-3AEC-496B-815C-7838E627D6E5}.Release|x64.Build.0 = Release|Any CPU
		{191C5AF1-3AEC-496B-815C-7838E627D6E5}.Release|x86.ActiveCfg = Release|Any CPU
		{191C5AF1-3AEC-496B-815C-7838E627D6E5}.Release|x86.Build.0 = Release|Any CPU
		{84B5A256-B326-4610-BA80-820B07411B12}.Debug|Any CPU.ActiveCfg = Debug|Any CPU
		{84B5A256-B326-4610-BA80-820B07411B12}.Debug|Any CPU.Build.0 = Debug|Any CPU
		{84B5A256-B326-4610-BA80-820B07411B12}.Debug|ARM.ActiveCfg = Debug|Any CPU
		{84B5A256-B326-4610-BA80-820B07411B12}.Debug|ARM.Build.0 = Debug|Any CPU
		{84B5A256-B326-4610-BA80-820B07411B12}.Debug|ARM64.ActiveCfg = Debug|Any CPU
		{84B5A256-B326-4610-BA80-820B07411B12}.Debug|ARM64.Build.0 = Debug|Any CPU
		{84B5A256-B326-4610-BA80-820B07411B12}.Debug|x64.ActiveCfg = Debug|Any CPU
		{84B5A256-B326-4610-BA80-820B07411B12}.Debug|x64.Build.0 = Debug|Any CPU
		{84B5A256-B326-4610-BA80-820B07411B12}.Debug|x86.ActiveCfg = Debug|Any CPU
		{84B5A256-B326-4610-BA80-820B07411B12}.Debug|x86.Build.0 = Debug|Any CPU
		{84B5A256-B326-4610-BA80-820B07411B12}.Release|Any CPU.ActiveCfg = Release|Any CPU
		{84B5A256-B326-4610-BA80-820B07411B12}.Release|Any CPU.Build.0 = Release|Any CPU
		{84B5A256-B326-4610-BA80-820B07411B12}.Release|ARM.ActiveCfg = Release|Any CPU
		{84B5A256-B326-4610-BA80-820B07411B12}.Release|ARM.Build.0 = Release|Any CPU
		{84B5A256-B326-4610-BA80-820B07411B12}.Release|ARM64.ActiveCfg = Release|Any CPU
		{84B5A256-B326-4610-BA80-820B07411B12}.Release|ARM64.Build.0 = Release|Any CPU
		{84B5A256-B326-4610-BA80-820B07411B12}.Release|x64.ActiveCfg = Release|Any CPU
		{84B5A256-B326-4610-BA80-820B07411B12}.Release|x64.Build.0 = Release|Any CPU
		{84B5A256-B326-4610-BA80-820B07411B12}.Release|x86.ActiveCfg = Release|Any CPU
		{84B5A256-B326-4610-BA80-820B07411B12}.Release|x86.Build.0 = Release|Any CPU
		{28928D64-CEF4-4DFF-9FDA-EF38CA62F574}.Debug|Any CPU.ActiveCfg = Debug|Any CPU
		{28928D64-CEF4-4DFF-9FDA-EF38CA62F574}.Debug|Any CPU.Build.0 = Debug|Any CPU
		{28928D64-CEF4-4DFF-9FDA-EF38CA62F574}.Debug|ARM.ActiveCfg = Debug|Any CPU
		{28928D64-CEF4-4DFF-9FDA-EF38CA62F574}.Debug|ARM.Build.0 = Debug|Any CPU
		{28928D64-CEF4-4DFF-9FDA-EF38CA62F574}.Debug|ARM64.ActiveCfg = Debug|Any CPU
		{28928D64-CEF4-4DFF-9FDA-EF38CA62F574}.Debug|ARM64.Build.0 = Debug|Any CPU
		{28928D64-CEF4-4DFF-9FDA-EF38CA62F574}.Debug|x64.ActiveCfg = Debug|Any CPU
		{28928D64-CEF4-4DFF-9FDA-EF38CA62F574}.Debug|x64.Build.0 = Debug|Any CPU
		{28928D64-CEF4-4DFF-9FDA-EF38CA62F574}.Debug|x86.ActiveCfg = Debug|Any CPU
		{28928D64-CEF4-4DFF-9FDA-EF38CA62F574}.Debug|x86.Build.0 = Debug|Any CPU
		{28928D64-CEF4-4DFF-9FDA-EF38CA62F574}.Release|Any CPU.ActiveCfg = Release|Any CPU
		{28928D64-CEF4-4DFF-9FDA-EF38CA62F574}.Release|Any CPU.Build.0 = Release|Any CPU
		{28928D64-CEF4-4DFF-9FDA-EF38CA62F574}.Release|ARM.ActiveCfg = Release|Any CPU
		{28928D64-CEF4-4DFF-9FDA-EF38CA62F574}.Release|ARM.Build.0 = Release|Any CPU
		{28928D64-CEF4-4DFF-9FDA-EF38CA62F574}.Release|ARM64.ActiveCfg = Release|Any CPU
		{28928D64-CEF4-4DFF-9FDA-EF38CA62F574}.Release|ARM64.Build.0 = Release|Any CPU
		{28928D64-CEF4-4DFF-9FDA-EF38CA62F574}.Release|x64.ActiveCfg = Release|Any CPU
		{28928D64-CEF4-4DFF-9FDA-EF38CA62F574}.Release|x64.Build.0 = Release|Any CPU
		{28928D64-CEF4-4DFF-9FDA-EF38CA62F574}.Release|x86.ActiveCfg = Release|Any CPU
		{28928D64-CEF4-4DFF-9FDA-EF38CA62F574}.Release|x86.Build.0 = Release|Any CPU
		{C448427B-DF0D-4F76-AF14-6F9E3A361441}.Debug|Any CPU.ActiveCfg = Debug|Any CPU
		{C448427B-DF0D-4F76-AF14-6F9E3A361441}.Debug|Any CPU.Build.0 = Debug|Any CPU
		{C448427B-DF0D-4F76-AF14-6F9E3A361441}.Debug|ARM.ActiveCfg = Debug|Any CPU
		{C448427B-DF0D-4F76-AF14-6F9E3A361441}.Debug|ARM.Build.0 = Debug|Any CPU
		{C448427B-DF0D-4F76-AF14-6F9E3A361441}.Debug|ARM64.ActiveCfg = Debug|Any CPU
		{C448427B-DF0D-4F76-AF14-6F9E3A361441}.Debug|ARM64.Build.0 = Debug|Any CPU
		{C448427B-DF0D-4F76-AF14-6F9E3A361441}.Debug|x64.ActiveCfg = Debug|Any CPU
		{C448427B-DF0D-4F76-AF14-6F9E3A361441}.Debug|x64.Build.0 = Debug|Any CPU
		{C448427B-DF0D-4F76-AF14-6F9E3A361441}.Debug|x86.ActiveCfg = Debug|Any CPU
		{C448427B-DF0D-4F76-AF14-6F9E3A361441}.Debug|x86.Build.0 = Debug|Any CPU
		{C448427B-DF0D-4F76-AF14-6F9E3A361441}.Release|Any CPU.ActiveCfg = Release|Any CPU
		{C448427B-DF0D-4F76-AF14-6F9E3A361441}.Release|Any CPU.Build.0 = Release|Any CPU
		{C448427B-DF0D-4F76-AF14-6F9E3A361441}.Release|ARM.ActiveCfg = Release|Any CPU
		{C448427B-DF0D-4F76-AF14-6F9E3A361441}.Release|ARM.Build.0 = Release|Any CPU
		{C448427B-DF0D-4F76-AF14-6F9E3A361441}.Release|ARM64.ActiveCfg = Release|Any CPU
		{C448427B-DF0D-4F76-AF14-6F9E3A361441}.Release|ARM64.Build.0 = Release|Any CPU
		{C448427B-DF0D-4F76-AF14-6F9E3A361441}.Release|x64.ActiveCfg = Release|Any CPU
		{C448427B-DF0D-4F76-AF14-6F9E3A361441}.Release|x64.Build.0 = Release|Any CPU
		{C448427B-DF0D-4F76-AF14-6F9E3A361441}.Release|x86.ActiveCfg = Release|Any CPU
		{C448427B-DF0D-4F76-AF14-6F9E3A361441}.Release|x86.Build.0 = Release|Any CPU
		{34F58B67-8167-48F1-A8C5-B2EA9C3F16BA}.Debug|Any CPU.ActiveCfg = Debug|Any CPU
		{34F58B67-8167-48F1-A8C5-B2EA9C3F16BA}.Debug|Any CPU.Build.0 = Debug|Any CPU
		{34F58B67-8167-48F1-A8C5-B2EA9C3F16BA}.Debug|ARM.ActiveCfg = Debug|Any CPU
		{34F58B67-8167-48F1-A8C5-B2EA9C3F16BA}.Debug|ARM.Build.0 = Debug|Any CPU
		{34F58B67-8167-48F1-A8C5-B2EA9C3F16BA}.Debug|ARM64.ActiveCfg = Debug|Any CPU
		{34F58B67-8167-48F1-A8C5-B2EA9C3F16BA}.Debug|ARM64.Build.0 = Debug|Any CPU
		{34F58B67-8167-48F1-A8C5-B2EA9C3F16BA}.Debug|x64.ActiveCfg = Debug|Any CPU
		{34F58B67-8167-48F1-A8C5-B2EA9C3F16BA}.Debug|x64.Build.0 = Debug|Any CPU
		{34F58B67-8167-48F1-A8C5-B2EA9C3F16BA}.Debug|x86.ActiveCfg = Debug|Any CPU
		{34F58B67-8167-48F1-A8C5-B2EA9C3F16BA}.Debug|x86.Build.0 = Debug|Any CPU
		{34F58B67-8167-48F1-A8C5-B2EA9C3F16BA}.Release|Any CPU.ActiveCfg = Release|Any CPU
		{34F58B67-8167-48F1-A8C5-B2EA9C3F16BA}.Release|Any CPU.Build.0 = Release|Any CPU
		{34F58B67-8167-48F1-A8C5-B2EA9C3F16BA}.Release|ARM.ActiveCfg = Release|Any CPU
		{34F58B67-8167-48F1-A8C5-B2EA9C3F16BA}.Release|ARM.Build.0 = Release|Any CPU
		{34F58B67-8167-48F1-A8C5-B2EA9C3F16BA}.Release|ARM64.ActiveCfg = Release|Any CPU
		{34F58B67-8167-48F1-A8C5-B2EA9C3F16BA}.Release|ARM64.Build.0 = Release|Any CPU
		{34F58B67-8167-48F1-A8C5-B2EA9C3F16BA}.Release|x64.ActiveCfg = Release|Any CPU
		{34F58B67-8167-48F1-A8C5-B2EA9C3F16BA}.Release|x64.Build.0 = Release|Any CPU
		{34F58B67-8167-48F1-A8C5-B2EA9C3F16BA}.Release|x86.ActiveCfg = Release|Any CPU
		{34F58B67-8167-48F1-A8C5-B2EA9C3F16BA}.Release|x86.Build.0 = Release|Any CPU
		{51EA8DB0-A69C-431E-9318-84DA434FE9A5}.Debug|Any CPU.ActiveCfg = Debug|Any CPU
		{51EA8DB0-A69C-431E-9318-84DA434FE9A5}.Debug|Any CPU.Build.0 = Debug|Any CPU
		{51EA8DB0-A69C-431E-9318-84DA434FE9A5}.Debug|ARM.ActiveCfg = Debug|Any CPU
		{51EA8DB0-A69C-431E-9318-84DA434FE9A5}.Debug|ARM.Build.0 = Debug|Any CPU
		{51EA8DB0-A69C-431E-9318-84DA434FE9A5}.Debug|ARM64.ActiveCfg = Debug|Any CPU
		{51EA8DB0-A69C-431E-9318-84DA434FE9A5}.Debug|ARM64.Build.0 = Debug|Any CPU
		{51EA8DB0-A69C-431E-9318-84DA434FE9A5}.Debug|x64.ActiveCfg = Debug|Any CPU
		{51EA8DB0-A69C-431E-9318-84DA434FE9A5}.Debug|x64.Build.0 = Debug|Any CPU
		{51EA8DB0-A69C-431E-9318-84DA434FE9A5}.Debug|x86.ActiveCfg = Debug|Any CPU
		{51EA8DB0-A69C-431E-9318-84DA434FE9A5}.Debug|x86.Build.0 = Debug|Any CPU
		{51EA8DB0-A69C-431E-9318-84DA434FE9A5}.Release|Any CPU.ActiveCfg = Release|Any CPU
		{51EA8DB0-A69C-431E-9318-84DA434FE9A5}.Release|Any CPU.Build.0 = Release|Any CPU
		{51EA8DB0-A69C-431E-9318-84DA434FE9A5}.Release|ARM.ActiveCfg = Release|Any CPU
		{51EA8DB0-A69C-431E-9318-84DA434FE9A5}.Release|ARM.Build.0 = Release|Any CPU
		{51EA8DB0-A69C-431E-9318-84DA434FE9A5}.Release|ARM64.ActiveCfg = Release|Any CPU
		{51EA8DB0-A69C-431E-9318-84DA434FE9A5}.Release|ARM64.Build.0 = Release|Any CPU
		{51EA8DB0-A69C-431E-9318-84DA434FE9A5}.Release|x64.ActiveCfg = Release|Any CPU
		{51EA8DB0-A69C-431E-9318-84DA434FE9A5}.Release|x64.Build.0 = Release|Any CPU
		{51EA8DB0-A69C-431E-9318-84DA434FE9A5}.Release|x86.ActiveCfg = Release|Any CPU
		{51EA8DB0-A69C-431E-9318-84DA434FE9A5}.Release|x86.Build.0 = Release|Any CPU
		{102AE3DD-7A8C-4842-9469-F2F906FA18C7}.Debug|Any CPU.ActiveCfg = Debug|Any CPU
		{102AE3DD-7A8C-4842-9469-F2F906FA18C7}.Debug|Any CPU.Build.0 = Debug|Any CPU
		{102AE3DD-7A8C-4842-9469-F2F906FA18C7}.Debug|ARM.ActiveCfg = Debug|Any CPU
		{102AE3DD-7A8C-4842-9469-F2F906FA18C7}.Debug|ARM.Build.0 = Debug|Any CPU
		{102AE3DD-7A8C-4842-9469-F2F906FA18C7}.Debug|ARM64.ActiveCfg = Debug|Any CPU
		{102AE3DD-7A8C-4842-9469-F2F906FA18C7}.Debug|ARM64.Build.0 = Debug|Any CPU
		{102AE3DD-7A8C-4842-9469-F2F906FA18C7}.Debug|x64.ActiveCfg = Debug|Any CPU
		{102AE3DD-7A8C-4842-9469-F2F906FA18C7}.Debug|x64.Build.0 = Debug|Any CPU
		{102AE3DD-7A8C-4842-9469-F2F906FA18C7}.Debug|x86.ActiveCfg = Debug|Any CPU
		{102AE3DD-7A8C-4842-9469-F2F906FA18C7}.Debug|x86.Build.0 = Debug|Any CPU
		{102AE3DD-7A8C-4842-9469-F2F906FA18C7}.Release|Any CPU.ActiveCfg = Release|Any CPU
		{102AE3DD-7A8C-4842-9469-F2F906FA18C7}.Release|Any CPU.Build.0 = Release|Any CPU
		{102AE3DD-7A8C-4842-9469-F2F906FA18C7}.Release|ARM.ActiveCfg = Release|Any CPU
		{102AE3DD-7A8C-4842-9469-F2F906FA18C7}.Release|ARM.Build.0 = Release|Any CPU
		{102AE3DD-7A8C-4842-9469-F2F906FA18C7}.Release|ARM64.ActiveCfg = Release|Any CPU
		{102AE3DD-7A8C-4842-9469-F2F906FA18C7}.Release|ARM64.Build.0 = Release|Any CPU
		{102AE3DD-7A8C-4842-9469-F2F906FA18C7}.Release|x64.ActiveCfg = Release|Any CPU
		{102AE3DD-7A8C-4842-9469-F2F906FA18C7}.Release|x64.Build.0 = Release|Any CPU
		{102AE3DD-7A8C-4842-9469-F2F906FA18C7}.Release|x86.ActiveCfg = Release|Any CPU
		{102AE3DD-7A8C-4842-9469-F2F906FA18C7}.Release|x86.Build.0 = Release|Any CPU
	EndGlobalSection
	GlobalSection(SolutionProperties) = preSolution
		HideSolutionNode = FALSE
	EndGlobalSection
	GlobalSection(NestedProjects) = preSolution
		{5DC9B40A-81D5-4E04-A422-135E6D11EE13} = {F84321D6-5C74-4960-AC46-AED4DB263C94}
		{7A059B79-0EA0-47CE-A800-A088C149481A} = {F84321D6-5C74-4960-AC46-AED4DB263C94}
		{09DD5FDA-A6C6-4421-B7BB-39BA5E86059D} = {F84321D6-5C74-4960-AC46-AED4DB263C94}
		{E6E6D86A-4F25-40CE-95E3-4E46497AFF3E} = {F84321D6-5C74-4960-AC46-AED4DB263C94}
		{59BACD57-FC25-49CA-A0BB-BD5CF608F529} = {F84321D6-5C74-4960-AC46-AED4DB263C94}
		{E1EC99B1-E7C3-477E-9CEA-1E96BF85A197} = {59BACD57-FC25-49CA-A0BB-BD5CF608F529}
		{503DE1A0-73C1-4279-B6B6-EFB4289F03E5} = {F84321D6-5C74-4960-AC46-AED4DB263C94}
		{7D872D92-F318-472C-B262-860997819DBE} = {F84321D6-5C74-4960-AC46-AED4DB263C94}
		{6A459B6D-83FE-4487-A722-7B2C8A174C2B} = {59BACD57-FC25-49CA-A0BB-BD5CF608F529}
		{BB44AAFD-3BD9-41BB-827B-13313E8B0935} = {09DD5FDA-A6C6-4421-B7BB-39BA5E86059D}
		{191C5AF1-3AEC-496B-815C-7838E627D6E5} = {E6E6D86A-4F25-40CE-95E3-4E46497AFF3E}
		{84B5A256-B326-4610-BA80-820B07411B12} = {503DE1A0-73C1-4279-B6B6-EFB4289F03E5}
		{28928D64-CEF4-4DFF-9FDA-EF38CA62F574} = {7D872D92-F318-472C-B262-860997819DBE}
		{C448427B-DF0D-4F76-AF14-6F9E3A361441} = {7A059B79-0EA0-47CE-A800-A088C149481A}
		{34F58B67-8167-48F1-A8C5-B2EA9C3F16BA} = {7A059B79-0EA0-47CE-A800-A088C149481A}
		{51EA8DB0-A69C-431E-9318-84DA434FE9A5} = {5DC9B40A-81D5-4E04-A422-135E6D11EE13}
		{102AE3DD-7A8C-4842-9469-F2F906FA18C7} = {5DC9B40A-81D5-4E04-A422-135E6D11EE13}
	EndGlobalSection
	GlobalSection(ExtensibilityGlobals) = postSolution
		SolutionGuid = {39A1912D-C82B-4B54-A2C2-CB22583396DD}
	EndGlobalSection
EndGlobal
