
Microsoft Visual Studio Solution File, Format Version 12.00
# Visual Studio 15
VisualStudioVersion = 15.0.26730.16
MinimumVisualStudioVersion = 10.0.40219.1
Project("{2150E333-8FDC-42A3-9474-1A3956D46DE8}") = "src", "src", "{F84321D6-5C74-4960-AC46-AED4DB263C94}"
EndProject
Project("{2150E333-8FDC-42A3-9474-1A3956D46DE8}") = "Solution Items", "Solution Items", "{4686F642-AE8F-410E-AE28-90C52CE0360D}"
	ProjectSection(SolutionItems) = preProject
		.editorconfig = .editorconfig
		.gitignore = .gitignore
		README.md = README.md
	EndProjectSection
EndProject
Project("{2150E333-8FDC-42A3-9474-1A3956D46DE8}") = "Client", "Client", "{5DC9B40A-81D5-4E04-A422-135E6D11EE13}"
EndProject
Project("{2150E333-8FDC-42A3-9474-1A3956D46DE8}") = "Web", "Web", "{7A059B79-0EA0-47CE-A800-A088C149481A}"
EndProject
Project("{9A19103F-16F7-4668-BE54-9A1E7A4F7556}") = "Sannel.House.Web", "src\Web\Sannel.House.Web\Sannel.House.Web.csproj", "{08009201-36FD-47D9-B171-D3A059F7B207}"
EndProject
Project("{9A19103F-16F7-4668-BE54-9A1E7A4F7556}") = "Sannel.House.Client", "src\Client\Sannel.House.Client\Sannel.House.Client.csproj", "{632FD8D6-06D0-4D12-8235-7BACC302F6A5}"
EndProject
Project("{9A19103F-16F7-4668-BE54-9A1E7A4F7556}") = "Sannel.House.Client.Tests", "src\Client\Sannel.House.Client.Tests\Sannel.House.Client.Tests.csproj", "{6C0D382C-D851-4668-A73B-8405F11A0F07}"
EndProject
Project("{2150E333-8FDC-42A3-9474-1A3956D46DE8}") = "Data", "Data", "{09DD5FDA-A6C6-4421-B7BB-39BA5E86059D}"
EndProject
Project("{9A19103F-16F7-4668-BE54-9A1E7A4F7556}") = "Sannel.House.Data", "src\Data\Sannel.House.Data\Sannel.House.Data.csproj", "{868AF0E7-8014-427B-8556-4651BE2A04AC}"
EndProject
Project("{9A19103F-16F7-4668-BE54-9A1E7A4F7556}") = "Sannel.House.Web.Tests", "src\Web\Sannel.House.Web.Tests\Sannel.House.Web.Tests.csproj", "{AC4D8ACD-23E8-4DC3-A874-ACAB54498391}"
EndProject
Project("{2150E333-8FDC-42A3-9474-1A3956D46DE8}") = "Sensor", "Sensor", "{E6E6D86A-4F25-40CE-95E3-4E46497AFF3E}"
EndProject
Project("{9A19103F-16F7-4668-BE54-9A1E7A4F7556}") = "Sannel.House.Sensor", "src\Sensor\Sannel.House.Sensor\Sannel.House.Sensor.csproj", "{5DF7B6FD-3695-46EA-8EEE-C96DD853FD84}"
EndProject
Project("{2150E333-8FDC-42A3-9474-1A3956D46DE8}") = "Models", "Models", "{59BACD57-FC25-49CA-A0BB-BD5CF608F529}"
EndProject
Project("{9A19103F-16F7-4668-BE54-9A1E7A4F7556}") = "Sannel.House.Models", "src\Models\Sannel.House.Models\Sannel.House.Models.csproj", "{E1EC99B1-E7C3-477E-9CEA-1E96BF85A197}"
EndProject
Project("{9A19103F-16F7-4668-BE54-9A1E7A4F7556}") = "Sannel.House.Models.Tests", "src\Models\Sannel.House.Models.Tests\Sannel.House.Models.Tests.csproj", "{FAAD3224-C1DC-4DAF-944F-3C2B4D42EF7C}"
EndProject
Project("{2150E333-8FDC-42A3-9474-1A3956D46DE8}") = "Tests", "Tests", "{503DE1A0-73C1-4279-B6B6-EFB4289F03E5}"
EndProject
Project("{9A19103F-16F7-4668-BE54-9A1E7A4F7556}") = "Sannel.House.Test", "src\Tests\Sannel.House.Test\Sannel.House.Test.csproj", "{31FB4A33-F2C1-497B-9E24-C07EC85B45BD}"
EndProject
Project("{2150E333-8FDC-42A3-9474-1A3956D46DE8}") = "Utilities", "Utilities", "{7D872D92-F318-472C-B262-860997819DBE}"
EndProject
Project("{FAE04EC0-301F-11D3-BF4B-00C04F79EFBC}") = "Sannel.House.Utilities.Certs", "src\Utilities\Sannel.House.Utilities.Certs\Sannel.House.Utilities.Certs.csproj", "{0BACB22F-647E-4EB0-B4A8-A8ABEA68D4F2}"
EndProject
Global
	GlobalSection(SolutionConfigurationPlatforms) = preSolution
		Debug|Any CPU = Debug|Any CPU
		Debug|ARM = Debug|ARM
		Debug|x64 = Debug|x64
		Debug|x86 = Debug|x86
		Release|Any CPU = Release|Any CPU
		Release|ARM = Release|ARM
		Release|x64 = Release|x64
		Release|x86 = Release|x86
	EndGlobalSection
	GlobalSection(ProjectConfigurationPlatforms) = postSolution
		{08009201-36FD-47D9-B171-D3A059F7B207}.Debug|Any CPU.ActiveCfg = Debug|Any CPU
		{08009201-36FD-47D9-B171-D3A059F7B207}.Debug|Any CPU.Build.0 = Debug|Any CPU
		{08009201-36FD-47D9-B171-D3A059F7B207}.Debug|ARM.ActiveCfg = Debug|Any CPU
		{08009201-36FD-47D9-B171-D3A059F7B207}.Debug|ARM.Build.0 = Debug|Any CPU
		{08009201-36FD-47D9-B171-D3A059F7B207}.Debug|x64.ActiveCfg = Debug|Any CPU
		{08009201-36FD-47D9-B171-D3A059F7B207}.Debug|x64.Build.0 = Debug|Any CPU
		{08009201-36FD-47D9-B171-D3A059F7B207}.Debug|x86.ActiveCfg = Debug|Any CPU
		{08009201-36FD-47D9-B171-D3A059F7B207}.Debug|x86.Build.0 = Debug|Any CPU
		{08009201-36FD-47D9-B171-D3A059F7B207}.Release|Any CPU.ActiveCfg = Release|Any CPU
		{08009201-36FD-47D9-B171-D3A059F7B207}.Release|Any CPU.Build.0 = Release|Any CPU
		{08009201-36FD-47D9-B171-D3A059F7B207}.Release|ARM.ActiveCfg = Release|Any CPU
		{08009201-36FD-47D9-B171-D3A059F7B207}.Release|ARM.Build.0 = Release|Any CPU
		{08009201-36FD-47D9-B171-D3A059F7B207}.Release|x64.ActiveCfg = Release|Any CPU
		{08009201-36FD-47D9-B171-D3A059F7B207}.Release|x64.Build.0 = Release|Any CPU
		{08009201-36FD-47D9-B171-D3A059F7B207}.Release|x86.ActiveCfg = Release|Any CPU
		{08009201-36FD-47D9-B171-D3A059F7B207}.Release|x86.Build.0 = Release|Any CPU
		{632FD8D6-06D0-4D12-8235-7BACC302F6A5}.Debug|Any CPU.ActiveCfg = Debug|Any CPU
		{632FD8D6-06D0-4D12-8235-7BACC302F6A5}.Debug|Any CPU.Build.0 = Debug|Any CPU
		{632FD8D6-06D0-4D12-8235-7BACC302F6A5}.Debug|ARM.ActiveCfg = Debug|Any CPU
		{632FD8D6-06D0-4D12-8235-7BACC302F6A5}.Debug|ARM.Build.0 = Debug|Any CPU
		{632FD8D6-06D0-4D12-8235-7BACC302F6A5}.Debug|x64.ActiveCfg = Debug|Any CPU
		{632FD8D6-06D0-4D12-8235-7BACC302F6A5}.Debug|x64.Build.0 = Debug|Any CPU
		{632FD8D6-06D0-4D12-8235-7BACC302F6A5}.Debug|x86.ActiveCfg = Debug|Any CPU
		{632FD8D6-06D0-4D12-8235-7BACC302F6A5}.Debug|x86.Build.0 = Debug|Any CPU
		{632FD8D6-06D0-4D12-8235-7BACC302F6A5}.Release|Any CPU.ActiveCfg = Release|Any CPU
		{632FD8D6-06D0-4D12-8235-7BACC302F6A5}.Release|Any CPU.Build.0 = Release|Any CPU
		{632FD8D6-06D0-4D12-8235-7BACC302F6A5}.Release|ARM.ActiveCfg = Release|Any CPU
		{632FD8D6-06D0-4D12-8235-7BACC302F6A5}.Release|ARM.Build.0 = Release|Any CPU
		{632FD8D6-06D0-4D12-8235-7BACC302F6A5}.Release|x64.ActiveCfg = Release|Any CPU
		{632FD8D6-06D0-4D12-8235-7BACC302F6A5}.Release|x64.Build.0 = Release|Any CPU
		{632FD8D6-06D0-4D12-8235-7BACC302F6A5}.Release|x86.ActiveCfg = Release|Any CPU
		{632FD8D6-06D0-4D12-8235-7BACC302F6A5}.Release|x86.Build.0 = Release|Any CPU
		{6C0D382C-D851-4668-A73B-8405F11A0F07}.Debug|Any CPU.ActiveCfg = Debug|Any CPU
		{6C0D382C-D851-4668-A73B-8405F11A0F07}.Debug|Any CPU.Build.0 = Debug|Any CPU
		{6C0D382C-D851-4668-A73B-8405F11A0F07}.Debug|ARM.ActiveCfg = Debug|Any CPU
		{6C0D382C-D851-4668-A73B-8405F11A0F07}.Debug|ARM.Build.0 = Debug|Any CPU
		{6C0D382C-D851-4668-A73B-8405F11A0F07}.Debug|x64.ActiveCfg = Debug|Any CPU
		{6C0D382C-D851-4668-A73B-8405F11A0F07}.Debug|x64.Build.0 = Debug|Any CPU
		{6C0D382C-D851-4668-A73B-8405F11A0F07}.Debug|x86.ActiveCfg = Debug|Any CPU
		{6C0D382C-D851-4668-A73B-8405F11A0F07}.Debug|x86.Build.0 = Debug|Any CPU
		{6C0D382C-D851-4668-A73B-8405F11A0F07}.Release|Any CPU.ActiveCfg = Release|Any CPU
		{6C0D382C-D851-4668-A73B-8405F11A0F07}.Release|Any CPU.Build.0 = Release|Any CPU
		{6C0D382C-D851-4668-A73B-8405F11A0F07}.Release|ARM.ActiveCfg = Release|Any CPU
		{6C0D382C-D851-4668-A73B-8405F11A0F07}.Release|ARM.Build.0 = Release|Any CPU
		{6C0D382C-D851-4668-A73B-8405F11A0F07}.Release|x64.ActiveCfg = Release|Any CPU
		{6C0D382C-D851-4668-A73B-8405F11A0F07}.Release|x64.Build.0 = Release|Any CPU
		{6C0D382C-D851-4668-A73B-8405F11A0F07}.Release|x86.ActiveCfg = Release|Any CPU
		{6C0D382C-D851-4668-A73B-8405F11A0F07}.Release|x86.Build.0 = Release|Any CPU
		{868AF0E7-8014-427B-8556-4651BE2A04AC}.Debug|Any CPU.ActiveCfg = Debug|Any CPU
		{868AF0E7-8014-427B-8556-4651BE2A04AC}.Debug|Any CPU.Build.0 = Debug|Any CPU
		{868AF0E7-8014-427B-8556-4651BE2A04AC}.Debug|ARM.ActiveCfg = Debug|Any CPU
		{868AF0E7-8014-427B-8556-4651BE2A04AC}.Debug|ARM.Build.0 = Debug|Any CPU
		{868AF0E7-8014-427B-8556-4651BE2A04AC}.Debug|x64.ActiveCfg = Debug|Any CPU
		{868AF0E7-8014-427B-8556-4651BE2A04AC}.Debug|x64.Build.0 = Debug|Any CPU
		{868AF0E7-8014-427B-8556-4651BE2A04AC}.Debug|x86.ActiveCfg = Debug|Any CPU
		{868AF0E7-8014-427B-8556-4651BE2A04AC}.Debug|x86.Build.0 = Debug|Any CPU
		{868AF0E7-8014-427B-8556-4651BE2A04AC}.Release|Any CPU.ActiveCfg = Release|Any CPU
		{868AF0E7-8014-427B-8556-4651BE2A04AC}.Release|Any CPU.Build.0 = Release|Any CPU
		{868AF0E7-8014-427B-8556-4651BE2A04AC}.Release|ARM.ActiveCfg = Release|Any CPU
		{868AF0E7-8014-427B-8556-4651BE2A04AC}.Release|ARM.Build.0 = Release|Any CPU
		{868AF0E7-8014-427B-8556-4651BE2A04AC}.Release|x64.ActiveCfg = Release|Any CPU
		{868AF0E7-8014-427B-8556-4651BE2A04AC}.Release|x64.Build.0 = Release|Any CPU
		{868AF0E7-8014-427B-8556-4651BE2A04AC}.Release|x86.ActiveCfg = Release|Any CPU
		{868AF0E7-8014-427B-8556-4651BE2A04AC}.Release|x86.Build.0 = Release|Any CPU
		{AC4D8ACD-23E8-4DC3-A874-ACAB54498391}.Debug|Any CPU.ActiveCfg = Debug|Any CPU
		{AC4D8ACD-23E8-4DC3-A874-ACAB54498391}.Debug|Any CPU.Build.0 = Debug|Any CPU
		{AC4D8ACD-23E8-4DC3-A874-ACAB54498391}.Debug|ARM.ActiveCfg = Debug|Any CPU
		{AC4D8ACD-23E8-4DC3-A874-ACAB54498391}.Debug|ARM.Build.0 = Debug|Any CPU
		{AC4D8ACD-23E8-4DC3-A874-ACAB54498391}.Debug|x64.ActiveCfg = Debug|Any CPU
		{AC4D8ACD-23E8-4DC3-A874-ACAB54498391}.Debug|x64.Build.0 = Debug|Any CPU
		{AC4D8ACD-23E8-4DC3-A874-ACAB54498391}.Debug|x86.ActiveCfg = Debug|Any CPU
		{AC4D8ACD-23E8-4DC3-A874-ACAB54498391}.Debug|x86.Build.0 = Debug|Any CPU
		{AC4D8ACD-23E8-4DC3-A874-ACAB54498391}.Release|Any CPU.ActiveCfg = Release|Any CPU
		{AC4D8ACD-23E8-4DC3-A874-ACAB54498391}.Release|Any CPU.Build.0 = Release|Any CPU
		{AC4D8ACD-23E8-4DC3-A874-ACAB54498391}.Release|ARM.ActiveCfg = Release|Any CPU
		{AC4D8ACD-23E8-4DC3-A874-ACAB54498391}.Release|ARM.Build.0 = Release|Any CPU
		{AC4D8ACD-23E8-4DC3-A874-ACAB54498391}.Release|x64.ActiveCfg = Release|Any CPU
		{AC4D8ACD-23E8-4DC3-A874-ACAB54498391}.Release|x64.Build.0 = Release|Any CPU
		{AC4D8ACD-23E8-4DC3-A874-ACAB54498391}.Release|x86.ActiveCfg = Release|Any CPU
		{AC4D8ACD-23E8-4DC3-A874-ACAB54498391}.Release|x86.Build.0 = Release|Any CPU
		{5DF7B6FD-3695-46EA-8EEE-C96DD853FD84}.Debug|Any CPU.ActiveCfg = Debug|Any CPU
		{5DF7B6FD-3695-46EA-8EEE-C96DD853FD84}.Debug|Any CPU.Build.0 = Debug|Any CPU
		{5DF7B6FD-3695-46EA-8EEE-C96DD853FD84}.Debug|ARM.ActiveCfg = Debug|Any CPU
		{5DF7B6FD-3695-46EA-8EEE-C96DD853FD84}.Debug|ARM.Build.0 = Debug|Any CPU
		{5DF7B6FD-3695-46EA-8EEE-C96DD853FD84}.Debug|x64.ActiveCfg = Debug|Any CPU
		{5DF7B6FD-3695-46EA-8EEE-C96DD853FD84}.Debug|x64.Build.0 = Debug|Any CPU
		{5DF7B6FD-3695-46EA-8EEE-C96DD853FD84}.Debug|x86.ActiveCfg = Debug|Any CPU
		{5DF7B6FD-3695-46EA-8EEE-C96DD853FD84}.Debug|x86.Build.0 = Debug|Any CPU
		{5DF7B6FD-3695-46EA-8EEE-C96DD853FD84}.Release|Any CPU.ActiveCfg = Release|Any CPU
		{5DF7B6FD-3695-46EA-8EEE-C96DD853FD84}.Release|Any CPU.Build.0 = Release|Any CPU
		{5DF7B6FD-3695-46EA-8EEE-C96DD853FD84}.Release|ARM.ActiveCfg = Release|Any CPU
		{5DF7B6FD-3695-46EA-8EEE-C96DD853FD84}.Release|ARM.Build.0 = Release|Any CPU
		{5DF7B6FD-3695-46EA-8EEE-C96DD853FD84}.Release|x64.ActiveCfg = Release|Any CPU
		{5DF7B6FD-3695-46EA-8EEE-C96DD853FD84}.Release|x64.Build.0 = Release|Any CPU
		{5DF7B6FD-3695-46EA-8EEE-C96DD853FD84}.Release|x86.ActiveCfg = Release|Any CPU
		{5DF7B6FD-3695-46EA-8EEE-C96DD853FD84}.Release|x86.Build.0 = Release|Any CPU
		{E1EC99B1-E7C3-477E-9CEA-1E96BF85A197}.Debug|Any CPU.ActiveCfg = Debug|Any CPU
		{E1EC99B1-E7C3-477E-9CEA-1E96BF85A197}.Debug|Any CPU.Build.0 = Debug|Any CPU
		{E1EC99B1-E7C3-477E-9CEA-1E96BF85A197}.Debug|ARM.ActiveCfg = Debug|Any CPU
		{E1EC99B1-E7C3-477E-9CEA-1E96BF85A197}.Debug|ARM.Build.0 = Debug|Any CPU
		{E1EC99B1-E7C3-477E-9CEA-1E96BF85A197}.Debug|x64.ActiveCfg = Debug|Any CPU
		{E1EC99B1-E7C3-477E-9CEA-1E96BF85A197}.Debug|x64.Build.0 = Debug|Any CPU
		{E1EC99B1-E7C3-477E-9CEA-1E96BF85A197}.Debug|x86.ActiveCfg = Debug|Any CPU
		{E1EC99B1-E7C3-477E-9CEA-1E96BF85A197}.Debug|x86.Build.0 = Debug|Any CPU
		{E1EC99B1-E7C3-477E-9CEA-1E96BF85A197}.Release|Any CPU.ActiveCfg = Release|Any CPU
		{E1EC99B1-E7C3-477E-9CEA-1E96BF85A197}.Release|Any CPU.Build.0 = Release|Any CPU
		{E1EC99B1-E7C3-477E-9CEA-1E96BF85A197}.Release|ARM.ActiveCfg = Release|Any CPU
		{E1EC99B1-E7C3-477E-9CEA-1E96BF85A197}.Release|ARM.Build.0 = Release|Any CPU
		{E1EC99B1-E7C3-477E-9CEA-1E96BF85A197}.Release|x64.ActiveCfg = Release|Any CPU
		{E1EC99B1-E7C3-477E-9CEA-1E96BF85A197}.Release|x64.Build.0 = Release|Any CPU
		{E1EC99B1-E7C3-477E-9CEA-1E96BF85A197}.Release|x86.ActiveCfg = Release|Any CPU
		{E1EC99B1-E7C3-477E-9CEA-1E96BF85A197}.Release|x86.Build.0 = Release|Any CPU
		{FAAD3224-C1DC-4DAF-944F-3C2B4D42EF7C}.Debug|Any CPU.ActiveCfg = Debug|Any CPU
		{FAAD3224-C1DC-4DAF-944F-3C2B4D42EF7C}.Debug|Any CPU.Build.0 = Debug|Any CPU
		{FAAD3224-C1DC-4DAF-944F-3C2B4D42EF7C}.Debug|ARM.ActiveCfg = Debug|Any CPU
		{FAAD3224-C1DC-4DAF-944F-3C2B4D42EF7C}.Debug|ARM.Build.0 = Debug|Any CPU
		{FAAD3224-C1DC-4DAF-944F-3C2B4D42EF7C}.Debug|x64.ActiveCfg = Debug|Any CPU
		{FAAD3224-C1DC-4DAF-944F-3C2B4D42EF7C}.Debug|x64.Build.0 = Debug|Any CPU
		{FAAD3224-C1DC-4DAF-944F-3C2B4D42EF7C}.Debug|x86.ActiveCfg = Debug|Any CPU
		{FAAD3224-C1DC-4DAF-944F-3C2B4D42EF7C}.Debug|x86.Build.0 = Debug|Any CPU
		{FAAD3224-C1DC-4DAF-944F-3C2B4D42EF7C}.Release|Any CPU.ActiveCfg = Release|Any CPU
		{FAAD3224-C1DC-4DAF-944F-3C2B4D42EF7C}.Release|Any CPU.Build.0 = Release|Any CPU
		{FAAD3224-C1DC-4DAF-944F-3C2B4D42EF7C}.Release|ARM.ActiveCfg = Release|Any CPU
		{FAAD3224-C1DC-4DAF-944F-3C2B4D42EF7C}.Release|ARM.Build.0 = Release|Any CPU
		{FAAD3224-C1DC-4DAF-944F-3C2B4D42EF7C}.Release|x64.ActiveCfg = Release|Any CPU
		{FAAD3224-C1DC-4DAF-944F-3C2B4D42EF7C}.Release|x64.Build.0 = Release|Any CPU
		{FAAD3224-C1DC-4DAF-944F-3C2B4D42EF7C}.Release|x86.ActiveCfg = Release|Any CPU
		{FAAD3224-C1DC-4DAF-944F-3C2B4D42EF7C}.Release|x86.Build.0 = Release|Any CPU
		{31FB4A33-F2C1-497B-9E24-C07EC85B45BD}.Debug|Any CPU.ActiveCfg = Debug|Any CPU
		{31FB4A33-F2C1-497B-9E24-C07EC85B45BD}.Debug|Any CPU.Build.0 = Debug|Any CPU
		{31FB4A33-F2C1-497B-9E24-C07EC85B45BD}.Debug|ARM.ActiveCfg = Debug|Any CPU
		{31FB4A33-F2C1-497B-9E24-C07EC85B45BD}.Debug|ARM.Build.0 = Debug|Any CPU
		{31FB4A33-F2C1-497B-9E24-C07EC85B45BD}.Debug|x64.ActiveCfg = Debug|Any CPU
		{31FB4A33-F2C1-497B-9E24-C07EC85B45BD}.Debug|x64.Build.0 = Debug|Any CPU
		{31FB4A33-F2C1-497B-9E24-C07EC85B45BD}.Debug|x86.ActiveCfg = Debug|Any CPU
		{31FB4A33-F2C1-497B-9E24-C07EC85B45BD}.Debug|x86.Build.0 = Debug|Any CPU
		{31FB4A33-F2C1-497B-9E24-C07EC85B45BD}.Release|Any CPU.ActiveCfg = Release|Any CPU
		{31FB4A33-F2C1-497B-9E24-C07EC85B45BD}.Release|Any CPU.Build.0 = Release|Any CPU
		{31FB4A33-F2C1-497B-9E24-C07EC85B45BD}.Release|ARM.ActiveCfg = Release|Any CPU
		{31FB4A33-F2C1-497B-9E24-C07EC85B45BD}.Release|ARM.Build.0 = Release|Any CPU
		{31FB4A33-F2C1-497B-9E24-C07EC85B45BD}.Release|x64.ActiveCfg = Release|Any CPU
		{31FB4A33-F2C1-497B-9E24-C07EC85B45BD}.Release|x64.Build.0 = Release|Any CPU
		{31FB4A33-F2C1-497B-9E24-C07EC85B45BD}.Release|x86.ActiveCfg = Release|Any CPU
		{31FB4A33-F2C1-497B-9E24-C07EC85B45BD}.Release|x86.Build.0 = Release|Any CPU
		{0BACB22F-647E-4EB0-B4A8-A8ABEA68D4F2}.Debug|Any CPU.ActiveCfg = Debug|Any CPU
		{0BACB22F-647E-4EB0-B4A8-A8ABEA68D4F2}.Debug|Any CPU.Build.0 = Debug|Any CPU
		{0BACB22F-647E-4EB0-B4A8-A8ABEA68D4F2}.Debug|ARM.ActiveCfg = Debug|Any CPU
		{0BACB22F-647E-4EB0-B4A8-A8ABEA68D4F2}.Debug|ARM.Build.0 = Debug|Any CPU
		{0BACB22F-647E-4EB0-B4A8-A8ABEA68D4F2}.Debug|x64.ActiveCfg = Debug|Any CPU
		{0BACB22F-647E-4EB0-B4A8-A8ABEA68D4F2}.Debug|x64.Build.0 = Debug|Any CPU
		{0BACB22F-647E-4EB0-B4A8-A8ABEA68D4F2}.Debug|x86.ActiveCfg = Debug|Any CPU
		{0BACB22F-647E-4EB0-B4A8-A8ABEA68D4F2}.Debug|x86.Build.0 = Debug|Any CPU
		{0BACB22F-647E-4EB0-B4A8-A8ABEA68D4F2}.Release|Any CPU.ActiveCfg = Release|Any CPU
		{0BACB22F-647E-4EB0-B4A8-A8ABEA68D4F2}.Release|Any CPU.Build.0 = Release|Any CPU
		{0BACB22F-647E-4EB0-B4A8-A8ABEA68D4F2}.Release|ARM.ActiveCfg = Release|Any CPU
		{0BACB22F-647E-4EB0-B4A8-A8ABEA68D4F2}.Release|ARM.Build.0 = Release|Any CPU
		{0BACB22F-647E-4EB0-B4A8-A8ABEA68D4F2}.Release|x64.ActiveCfg = Release|Any CPU
		{0BACB22F-647E-4EB0-B4A8-A8ABEA68D4F2}.Release|x64.Build.0 = Release|Any CPU
		{0BACB22F-647E-4EB0-B4A8-A8ABEA68D4F2}.Release|x86.ActiveCfg = Release|Any CPU
		{0BACB22F-647E-4EB0-B4A8-A8ABEA68D4F2}.Release|x86.Build.0 = Release|Any CPU
	EndGlobalSection
	GlobalSection(SolutionProperties) = preSolution
		HideSolutionNode = FALSE
	EndGlobalSection
	GlobalSection(NestedProjects) = preSolution
		{5DC9B40A-81D5-4E04-A422-135E6D11EE13} = {F84321D6-5C74-4960-AC46-AED4DB263C94}
		{7A059B79-0EA0-47CE-A800-A088C149481A} = {F84321D6-5C74-4960-AC46-AED4DB263C94}
		{08009201-36FD-47D9-B171-D3A059F7B207} = {7A059B79-0EA0-47CE-A800-A088C149481A}
		{632FD8D6-06D0-4D12-8235-7BACC302F6A5} = {5DC9B40A-81D5-4E04-A422-135E6D11EE13}
		{6C0D382C-D851-4668-A73B-8405F11A0F07} = {5DC9B40A-81D5-4E04-A422-135E6D11EE13}
		{09DD5FDA-A6C6-4421-B7BB-39BA5E86059D} = {F84321D6-5C74-4960-AC46-AED4DB263C94}
		{868AF0E7-8014-427B-8556-4651BE2A04AC} = {09DD5FDA-A6C6-4421-B7BB-39BA5E86059D}
		{AC4D8ACD-23E8-4DC3-A874-ACAB54498391} = {7A059B79-0EA0-47CE-A800-A088C149481A}
		{E6E6D86A-4F25-40CE-95E3-4E46497AFF3E} = {F84321D6-5C74-4960-AC46-AED4DB263C94}
		{5DF7B6FD-3695-46EA-8EEE-C96DD853FD84} = {E6E6D86A-4F25-40CE-95E3-4E46497AFF3E}
		{59BACD57-FC25-49CA-A0BB-BD5CF608F529} = {F84321D6-5C74-4960-AC46-AED4DB263C94}
		{E1EC99B1-E7C3-477E-9CEA-1E96BF85A197} = {59BACD57-FC25-49CA-A0BB-BD5CF608F529}
		{FAAD3224-C1DC-4DAF-944F-3C2B4D42EF7C} = {59BACD57-FC25-49CA-A0BB-BD5CF608F529}
		{503DE1A0-73C1-4279-B6B6-EFB4289F03E5} = {F84321D6-5C74-4960-AC46-AED4DB263C94}
		{31FB4A33-F2C1-497B-9E24-C07EC85B45BD} = {503DE1A0-73C1-4279-B6B6-EFB4289F03E5}
		{7D872D92-F318-472C-B262-860997819DBE} = {F84321D6-5C74-4960-AC46-AED4DB263C94}
		{0BACB22F-647E-4EB0-B4A8-A8ABEA68D4F2} = {7D872D92-F318-472C-B262-860997819DBE}
	EndGlobalSection
	GlobalSection(ExtensibilityGlobals) = postSolution
		SolutionGuid = {39A1912D-C82B-4B54-A2C2-CB22583396DD}
	EndGlobalSection
EndGlobal
